
Microsoft Visual Studio Solution File, Format Version 12.00
# Visual Studio Version 16
VisualStudioVersion = 16.0.30128.74
MinimumVisualStudioVersion = 10.0.40219.1
Project("{FAE04EC0-301F-11D3-BF4B-00C04F79EFBC}") = "Actividad.NetTrimestre3", "Actividad.NetTrimestre3\Actividad.NetTrimestre3.csproj", "{1F34AF30-B5E1-4B38-BFDA-B819E9F9AD4F}"
EndProject
Global
	GlobalSection(SolutionConfigurationPlatforms) = preSolution
		Debug|Any CPU = Debug|Any CPU
		Release|Any CPU = Release|Any CPU
	EndGlobalSection
	GlobalSection(ProjectConfigurationPlatforms) = postSolution
		{1F34AF30-B5E1-4B38-BFDA-B819E9F9AD4F}.Debug|Any CPU.ActiveCfg = Debug|Any CPU
		{1F34AF30-B5E1-4B38-BFDA-B819E9F9AD4F}.Debug|Any CPU.Build.0 = Debug|Any CPU
		{1F34AF30-B5E1-4B38-BFDA-B819E9F9AD4F}.Release|Any CPU.ActiveCfg = Release|Any CPU
		{1F34AF30-B5E1-4B38-BFDA-B819E9F9AD4F}.Release|Any CPU.Build.0 = Release|Any CPU
	EndGlobalSection
	GlobalSection(SolutionProperties) = preSolution
		HideSolutionNode = FALSE
	EndGlobalSection
	GlobalSection(ExtensibilityGlobals) = postSolution
		SolutionGuid = {4E093939-5EF6-497F-A068-895570AFEDD5}
	EndGlobalSection
EndGlobal
